github.com/josharian/intern v1.0.0 h1:vlS4z54oSdjm0bgjRigI+G1HpF+tI+9rE5LLzOg8HmY=
github.com/josharian/intern v1.0.0/go.mod h1:5DoeVV0s6jJacbCEi61lwdGj/aVlrQvzHFFd8Hwg//Y=
github.com/mailru/easyjson v0.7.7 h1:UGYAvKxe3sBsEDzO8ZeWOSlIQfWFlxbzLZe7hwFURr0=
github.com/mailru/easyjson v0.7.7/go.mod h1:xzfreul335JAWq5oZzymOObrkdz5UnU4kGfJJLY9Nlc=
go.osspkg.com/casecheck v0.3.0 h1:x15blEszElbrHrEH5H02JIIhGIg/lGZzIt1kQlD3pwM=
go.osspkg.com/casecheck v0.3.0/go.mod h1:TRFXDMFJEOtnlp3ET2Hix3osbxwPWhvaiT/HfD3+gBA=
go.osspkg.com/errors v0.3.1 h1:F9m/EEd/Ot2jba/TV7tvVRIpWXzIpNLc7vRJKcBD86A=
go.osspkg.com/errors v0.3.1/go.mod h1:dKXe6Rt07nzY7OyKQNZ8HGBicZ2uQ5TKEoVFnVFOK44=
go.osspkg.com/ioutils v0.4.4 h1:1DCGtlPn0/OaoRgUxNzRcH1L3K90WyFRY6CPcKbWuMU=
go.osspkg.com/ioutils v0.4.4/go.mod h1:58HhG2NHf9JUtixAH3R2XISlUmJruwVIUZ3039QVjOY=
go.osspkg.com/logx v0.4.1 h1:EAzp6EfUmx3YurJrIO2heXIGLimi/RwlnxbM8Lpe8jY=
go.osspkg.com/logx v0.4.1/go.mod h1:hz0oh9mu6Wo4+K6Yk59EbqYVj504FWqSDhEi71btM5g=
go.osspkg.com/routine v0.3.1 h1:R0o4P0Ml5eoeHc2DiHjRvHBo/XXrW5nJNqIj3ToRzjg=
go.osspkg.com/routine v0.3.1/go.mod h1:z5AvvTbB19/tt1E5JOb4POhK1tOPgmejajgao/IWn4s=
go.osspkg.com/syncing v0.3.0 h1:yBkCsDPEt12a+qagInFFt7+ZongfT+GjSQl7nBmcybI=
go.osspkg.com/syncing v0.3.0/go.mod h1:Dpe0ljlEG6cI2Y9PxEjKiYEX2sgs1eUjWNVjFu4/iB0=
go.osspkg.com/xc v0.3.1 h1:6De75eXdP9CVXqgQOcCWLPyAqFw9zP5lM6rV9MLGiCE=
go.osspkg.com/xc v0.3.1/go.mod h1:6dUG4Y/Q2NMhc5vYrNy0ehWIaHQtAi+MFfc22onQHEs=
golang.org/x/sys v0.24.0 h1:Twjiwq9dn6R1fQcyiK+wQyHWfaz/BJB+YIpzU/Cv3Xg=
golang.org/x/sys v0.24.0/go.mod h1:/VUhepiaJMQUp4+oa/7Zr1D23ma6VTLIYjOOTFZPUcA=
